
Microsoft Visual Studio Solution File, Format Version 12.00
# Visual Studio 15
VisualStudioVersion = 15.0.27703.2035
MinimumVisualStudioVersion = 10.0.40219.1
Project("{FAE04EC0-301F-11D3-BF4B-00C04F79EFBC}") = "DI.WEB", "DI.WEB\DI.WEB.csproj", "{D9409263-F614-4871-8FAC-B85DCE4F4F3F}"
EndProject
Global
	GlobalSection(SolutionConfigurationPlatforms) = preSolution
		Debug|Any CPU = Debug|Any CPU
		Release|Any CPU = Release|Any CPU
	EndGlobalSection
	GlobalSection(ProjectConfigurationPlatforms) = postSolution
		{D9409263-F614-4871-8FAC-B85DCE4F4F3F}.Debug|Any CPU.ActiveCfg = Debug|Any CPU
		{D9409263-F614-4871-8FAC-B85DCE4F4F3F}.Debug|Any CPU.Build.0 = Debug|Any CPU
		{D9409263-F614-4871-8FAC-B85DCE4F4F3F}.Release|Any CPU.ActiveCfg = Release|Any CPU
		{D9409263-F614-4871-8FAC-B85DCE4F4F3F}.Release|Any CPU.Build.0 = Release|Any CPU
	EndGlobalSection
	GlobalSection(SolutionProperties) = preSolution
		HideSolutionNode = FALSE
	EndGlobalSection
	GlobalSection(ExtensibilityGlobals) = postSolution
		SolutionGuid = {9063A064-5256-45AD-8D6C-8941650A93C6}
	EndGlobalSection
EndGlobal
